
Microsoft Visual Studio Solution File, Format Version 12.00
# Visual Studio Version 16
VisualStudioVersion = 16.0.30523.141
MinimumVisualStudioVersion = 10.0.40219.1
Project("{2150E333-8FDC-42A3-9474-1A3956D46DE8}") = "Providers", "Providers", "{45E67B15-7894-43C6-AC14-605026801058}"
EndProject
Project("{2150E333-8FDC-42A3-9474-1A3956D46DE8}") = "Modules", "Modules", "{B2FFBCDE-9F8F-44F1-BA72-F3C62AFEB052}"
	ProjectSection(SolutionItems) = preProject
		Data\Modules\kjv\kjv.bnm = Data\Modules\kjv\kjv.bnm
		Data\Modules\rst\rst.bnm = Data\Modules\rst\rst.bnm
	EndProjectSection
EndProject
Project("{9A19103F-16F7-4668-BE54-9A1E7A4F7556}") = "Console", "Console\Console.csproj", "{B8823322-947C-455D-BC6D-E81EE420FF09}"
EndProject
Project("{9A19103F-16F7-4668-BE54-9A1E7A4F7556}") = "Tests", "Tests\Tests.csproj", "{4B58F0E0-E3BB-49F7-A2AC-A9BF77EA4456}"
EndProject
Project("{9A19103F-16F7-4668-BE54-9A1E7A4F7556}") = "Common", "Common\Common.csproj", "{73449FEC-8342-479C-9703-389B856B3DED}"
EndProject
Project("{9A19103F-16F7-4668-BE54-9A1E7A4F7556}") = "FileSystem.DocumentId", "Providers\FileSystem.DocumentId\FileSystem.DocumentId.csproj", "{CAB8F774-9F53-4ACA-9CDF-788E1675CDC2}"
EndProject
Project("{9A19103F-16F7-4668-BE54-9A1E7A4F7556}") = "FileSystem.Navigation", "Providers\FileSystem.Navigation\FileSystem.Navigation.csproj", "{1A257550-74E0-432F-94A8-C48820547A51}"
EndProject
Project("{9A19103F-16F7-4668-BE54-9A1E7A4F7556}") = "Html", "Providers\Html\Html.csproj", "{4C280A30-6398-49A9-BE18-EF3B17485328}"
EndProject
Project("{9A19103F-16F7-4668-BE54-9A1E7A4F7556}") = "OneNote", "Providers\OneNote\OneNote.csproj", "{113AC1EA-5C05-4B34-8E1E-5E10671BBE0F}"
EndProject
Project("{9A19103F-16F7-4668-BE54-9A1E7A4F7556}") = "Pdf", "Providers\Pdf\Pdf.csproj", "{21E33822-1D30-4D30-9F69-EC9B440B7357}"
EndProject
Project("{9A19103F-16F7-4668-BE54-9A1E7A4F7556}") = "Web.DocumentId", "Providers\Web.DocumentId\Web.DocumentId.csproj", "{D81E2CC5-0691-46A5-A1E2-DF878F9E4F26}"
EndProject
Project("{9A19103F-16F7-4668-BE54-9A1E7A4F7556}") = "Web.Navigation", "Providers\Web.Navigation\Web.Navigation.csproj", "{AB4A7DFB-7EC1-4304-9940-901F14B96DA1}"
EndProject
Project("{9A19103F-16F7-4668-BE54-9A1E7A4F7556}") = "Word", "Providers\Word\Word.csproj", "{AB955A5B-77DB-496E-8A2C-5D31507FB9DA}"
EndProject
Project("{9A19103F-16F7-4668-BE54-9A1E7A4F7556}") = "BibleNoteApp", "BibleNoteApp\BibleNoteApp.csproj", "{FD0079F7-BD94-4878-B0A9-BB6040A39380}"
EndProject
Project("{9A19103F-16F7-4668-BE54-9A1E7A4F7556}") = "Domain", "Domain\Domain.csproj", "{32264E09-DBBC-4EC1-A74D-15E007FEEAEE}"
EndProject
Project("{9A19103F-16F7-4668-BE54-9A1E7A4F7556}") = "Infrastructure", "Infrastructure\Infrastructure.csproj", "{F1EC3472-E7BA-4B21-A7CC-729CE66F67D3}"
EndProject
Project("{9A19103F-16F7-4668-BE54-9A1E7A4F7556}") = "Middleware", "Middleware\Middleware.csproj", "{6D8C0796-1E8B-4996-84DB-980A348B4ACD}"
EndProject
Project("{9A19103F-16F7-4668-BE54-9A1E7A4F7556}") = "Persistence", "Persistence\Persistence.csproj", "{A530D764-93C8-47EA-BBC6-F7376E922430}"
EndProject
Project("{9A19103F-16F7-4668-BE54-9A1E7A4F7556}") = "Services", "Services\Services.csproj", "{E4D5C85A-767D-45B7-AE6E-3BF7CB4A607D}"
EndProject
Project("{9A19103F-16F7-4668-BE54-9A1E7A4F7556}") = "VerseDifferencesFinder", "VerseDifferencesFinder\VerseDifferencesFinder.csproj", "{C6640647-57CF-418B-A31A-36CC701ECB59}"
EndProject
Project("{2150E333-8FDC-42A3-9474-1A3956D46DE8}") = "Dev", "Dev", "{2DE75761-6F2A-49A5-A388-1EEF462884E6}"
EndProject
Project("{FAE04EC0-301F-11D3-BF4B-00C04F79EFBC}") = "Application", "Application\Application.csproj", "{8BB3A3A9-1BE5-42E7-9A14-790DF4FDAFC7}"
EndProject
Global
	GlobalSection(SolutionConfigurationPlatforms) = preSolution
		Debug|Any CPU = Debug|Any CPU
		Release|Any CPU = Release|Any CPU
	EndGlobalSection
	GlobalSection(ProjectConfigurationPlatforms) = postSolution
		{B8823322-947C-455D-BC6D-E81EE420FF09}.Debug|Any CPU.ActiveCfg = Debug|Any CPU
		{B8823322-947C-455D-BC6D-E81EE420FF09}.Debug|Any CPU.Build.0 = Debug|Any CPU
		{B8823322-947C-455D-BC6D-E81EE420FF09}.Release|Any CPU.ActiveCfg = Release|Any CPU
		{B8823322-947C-455D-BC6D-E81EE420FF09}.Release|Any CPU.Build.0 = Release|Any CPU
		{4B58F0E0-E3BB-49F7-A2AC-A9BF77EA4456}.Debug|Any CPU.ActiveCfg = Debug|Any CPU
		{4B58F0E0-E3BB-49F7-A2AC-A9BF77EA4456}.Debug|Any CPU.Build.0 = Debug|Any CPU
		{4B58F0E0-E3BB-49F7-A2AC-A9BF77EA4456}.Release|Any CPU.ActiveCfg = Release|Any CPU
		{4B58F0E0-E3BB-49F7-A2AC-A9BF77EA4456}.Release|Any CPU.Build.0 = Release|Any CPU
		{73449FEC-8342-479C-9703-389B856B3DED}.Debug|Any CPU.ActiveCfg = Debug|Any CPU
		{73449FEC-8342-479C-9703-389B856B3DED}.Debug|Any CPU.Build.0 = Debug|Any CPU
		{73449FEC-8342-479C-9703-389B856B3DED}.Release|Any CPU.ActiveCfg = Release|Any CPU
		{73449FEC-8342-479C-9703-389B856B3DED}.Release|Any CPU.Build.0 = Release|Any CPU
		{CAB8F774-9F53-4ACA-9CDF-788E1675CDC2}.Debug|Any CPU.ActiveCfg = Debug|Any CPU
		{CAB8F774-9F53-4ACA-9CDF-788E1675CDC2}.Debug|Any CPU.Build.0 = Debug|Any CPU
		{CAB8F774-9F53-4ACA-9CDF-788E1675CDC2}.Release|Any CPU.ActiveCfg = Release|Any CPU
		{CAB8F774-9F53-4ACA-9CDF-788E1675CDC2}.Release|Any CPU.Build.0 = Release|Any CPU
		{1A257550-74E0-432F-94A8-C48820547A51}.Debug|Any CPU.ActiveCfg = Debug|Any CPU
		{1A257550-74E0-432F-94A8-C48820547A51}.Debug|Any CPU.Build.0 = Debug|Any CPU
		{1A257550-74E0-432F-94A8-C48820547A51}.Release|Any CPU.ActiveCfg = Release|Any CPU
		{1A257550-74E0-432F-94A8-C48820547A51}.Release|Any CPU.Build.0 = Release|Any CPU
		{4C280A30-6398-49A9-BE18-EF3B17485328}.Debug|Any CPU.ActiveCfg = Debug|Any CPU
		{4C280A30-6398-49A9-BE18-EF3B17485328}.Debug|Any CPU.Build.0 = Debug|Any CPU
		{4C280A30-6398-49A9-BE18-EF3B17485328}.Release|Any CPU.ActiveCfg = Release|Any CPU
		{4C280A30-6398-49A9-BE18-EF3B17485328}.Release|Any CPU.Build.0 = Release|Any CPU
		{113AC1EA-5C05-4B34-8E1E-5E10671BBE0F}.Debug|Any CPU.ActiveCfg = Debug|Any CPU
		{113AC1EA-5C05-4B34-8E1E-5E10671BBE0F}.Debug|Any CPU.Build.0 = Debug|Any CPU
		{113AC1EA-5C05-4B34-8E1E-5E10671BBE0F}.Release|Any CPU.ActiveCfg = Release|Any CPU
		{113AC1EA-5C05-4B34-8E1E-5E10671BBE0F}.Release|Any CPU.Build.0 = Release|Any CPU
		{21E33822-1D30-4D30-9F69-EC9B440B7357}.Debug|Any CPU.ActiveCfg = Debug|Any CPU
		{21E33822-1D30-4D30-9F69-EC9B440B7357}.Debug|Any CPU.Build.0 = Debug|Any CPU
		{21E33822-1D30-4D30-9F69-EC9B440B7357}.Release|Any CPU.ActiveCfg = Release|Any CPU
		{21E33822-1D30-4D30-9F69-EC9B440B7357}.Release|Any CPU.Build.0 = Release|Any CPU
		{D81E2CC5-0691-46A5-A1E2-DF878F9E4F26}.Debug|Any CPU.ActiveCfg = Debug|Any CPU
		{D81E2CC5-0691-46A5-A1E2-DF878F9E4F26}.Debug|Any CPU.Build.0 = Debug|Any CPU
		{D81E2CC5-0691-46A5-A1E2-DF878F9E4F26}.Release|Any CPU.ActiveCfg = Release|Any CPU
		{D81E2CC5-0691-46A5-A1E2-DF878F9E4F26}.Release|Any CPU.Build.0 = Release|Any CPU
		{AB4A7DFB-7EC1-4304-9940-901F14B96DA1}.Debug|Any CPU.ActiveCfg = Debug|Any CPU
		{AB4A7DFB-7EC1-4304-9940-901F14B96DA1}.Debug|Any CPU.Build.0 = Debug|Any CPU
		{AB4A7DFB-7EC1-4304-9940-901F14B96DA1}.Release|Any CPU.ActiveCfg = Release|Any CPU
		{AB4A7DFB-7EC1-4304-9940-901F14B96DA1}.Release|Any CPU.Build.0 = Release|Any CPU
		{AB955A5B-77DB-496E-8A2C-5D31507FB9DA}.Debug|Any CPU.ActiveCfg = Debug|Any CPU
		{AB955A5B-77DB-496E-8A2C-5D31507FB9DA}.Debug|Any CPU.Build.0 = Debug|Any CPU
		{AB955A5B-77DB-496E-8A2C-5D31507FB9DA}.Release|Any CPU.ActiveCfg = Release|Any CPU
		{AB955A5B-77DB-496E-8A2C-5D31507FB9DA}.Release|Any CPU.Build.0 = Release|Any CPU
		{FD0079F7-BD94-4878-B0A9-BB6040A39380}.Debug|Any CPU.ActiveCfg = Debug|Any CPU
		{FD0079F7-BD94-4878-B0A9-BB6040A39380}.Debug|Any CPU.Build.0 = Debug|Any CPU
		{FD0079F7-BD94-4878-B0A9-BB6040A39380}.Release|Any CPU.ActiveCfg = Release|Any CPU
		{FD0079F7-BD94-4878-B0A9-BB6040A39380}.Release|Any CPU.Build.0 = Release|Any CPU
		{32264E09-DBBC-4EC1-A74D-15E007FEEAEE}.Debug|Any CPU.ActiveCfg = Debug|Any CPU
		{32264E09-DBBC-4EC1-A74D-15E007FEEAEE}.Debug|Any CPU.Build.0 = Debug|Any CPU
		{32264E09-DBBC-4EC1-A74D-15E007FEEAEE}.Release|Any CPU.ActiveCfg = Release|Any CPU
		{32264E09-DBBC-4EC1-A74D-15E007FEEAEE}.Release|Any CPU.Build.0 = Release|Any CPU
		{F1EC3472-E7BA-4B21-A7CC-729CE66F67D3}.Debug|Any CPU.ActiveCfg = Debug|Any CPU
		{F1EC3472-E7BA-4B21-A7CC-729CE66F67D3}.Debug|Any CPU.Build.0 = Debug|Any CPU
		{F1EC3472-E7BA-4B21-A7CC-729CE66F67D3}.Release|Any CPU.ActiveCfg = Release|Any CPU
		{F1EC3472-E7BA-4B21-A7CC-729CE66F67D3}.Release|Any CPU.Build.0 = Release|Any CPU
		{6D8C0796-1E8B-4996-84DB-980A348B4ACD}.Debug|Any CPU.ActiveCfg = Debug|Any CPU
		{6D8C0796-1E8B-4996-84DB-980A348B4ACD}.Debug|Any CPU.Build.0 = Debug|Any CPU
		{6D8C0796-1E8B-4996-84DB-980A348B4ACD}.Release|Any CPU.ActiveCfg = Release|Any CPU
		{6D8C0796-1E8B-4996-84DB-980A348B4ACD}.Release|Any CPU.Build.0 = Release|Any CPU
		{A530D764-93C8-47EA-BBC6-F7376E922430}.Debug|Any CPU.ActiveCfg = Debug|Any CPU
		{A530D764-93C8-47EA-BBC6-F7376E922430}.Debug|Any CPU.Build.0 = Debug|Any CPU
		{A530D764-93C8-47EA-BBC6-F7376E922430}.Release|Any CPU.ActiveCfg = Release|Any CPU
		{A530D764-93C8-47EA-BBC6-F7376E922430}.Release|Any CPU.Build.0 = Release|Any CPU
		{E4D5C85A-767D-45B7-AE6E-3BF7CB4A607D}.Debug|Any CPU.ActiveCfg = Debug|Any CPU
		{E4D5C85A-767D-45B7-AE6E-3BF7CB4A607D}.Debug|Any CPU.Build.0 = Debug|Any CPU
		{E4D5C85A-767D-45B7-AE6E-3BF7CB4A607D}.Release|Any CPU.ActiveCfg = Release|Any CPU
		{E4D5C85A-767D-45B7-AE6E-3BF7CB4A607D}.Release|Any CPU.Build.0 = Release|Any CPU
		{C6640647-57CF-418B-A31A-36CC701ECB59}.Debug|Any CPU.ActiveCfg = Debug|Any CPU
		{C6640647-57CF-418B-A31A-36CC701ECB59}.Debug|Any CPU.Build.0 = Debug|Any CPU
		{C6640647-57CF-418B-A31A-36CC701ECB59}.Release|Any CPU.ActiveCfg = Release|Any CPU
		{C6640647-57CF-418B-A31A-36CC701ECB59}.Release|Any CPU.Build.0 = Release|Any CPU
		{8BB3A3A9-1BE5-42E7-9A14-790DF4FDAFC7}.Debug|Any CPU.ActiveCfg = Debug|Any CPU
		{8BB3A3A9-1BE5-42E7-9A14-790DF4FDAFC7}.Debug|Any CPU.Build.0 = Debug|Any CPU
		{8BB3A3A9-1BE5-42E7-9A14-790DF4FDAFC7}.Release|Any CPU.ActiveCfg = Release|Any CPU
		{8BB3A3A9-1BE5-42E7-9A14-790DF4FDAFC7}.Release|Any CPU.Build.0 = Release|Any CPU
	EndGlobalSection
	GlobalSection(SolutionProperties) = preSolution
		HideSolutionNode = FALSE
	EndGlobalSection
	GlobalSection(NestedProjects) = preSolution
		{B8823322-947C-455D-BC6D-E81EE420FF09} = {2DE75761-6F2A-49A5-A388-1EEF462884E6}
		{4B58F0E0-E3BB-49F7-A2AC-A9BF77EA4456} = {2DE75761-6F2A-49A5-A388-1EEF462884E6}
		{CAB8F774-9F53-4ACA-9CDF-788E1675CDC2} = {45E67B15-7894-43C6-AC14-605026801058}
		{1A257550-74E0-432F-94A8-C48820547A51} = {45E67B15-7894-43C6-AC14-605026801058}
		{4C280A30-6398-49A9-BE18-EF3B17485328} = {45E67B15-7894-43C6-AC14-605026801058}
		{113AC1EA-5C05-4B34-8E1E-5E10671BBE0F} = {45E67B15-7894-43C6-AC14-605026801058}
		{21E33822-1D30-4D30-9F69-EC9B440B7357} = {45E67B15-7894-43C6-AC14-605026801058}
		{D81E2CC5-0691-46A5-A1E2-DF878F9E4F26} = {45E67B15-7894-43C6-AC14-605026801058}
		{AB4A7DFB-7EC1-4304-9940-901F14B96DA1} = {45E67B15-7894-43C6-AC14-605026801058}
		{AB955A5B-77DB-496E-8A2C-5D31507FB9DA} = {45E67B15-7894-43C6-AC14-605026801058}
	EndGlobalSection
	GlobalSection(ExtensibilityGlobals) = postSolution
		SolutionGuid = {B4A9B6DF-DE5C-4FE5-A006-545835C6A7CE}
	EndGlobalSection
EndGlobal
