
Microsoft Visual Studio Solution File, Format Version 12.00
# Visual Studio 15
VisualStudioVersion = 15.0.28307.757
MinimumVisualStudioVersion = 10.0.40219.1
Project("{2150E333-8FDC-42A3-9474-1A3956D46DE8}") = "Analytics", "Analytics", "{03F0A965-F7AC-4C1B-9F47-21ABF684441D}"
EndProject
Project("{9A19103F-16F7-4668-BE54-9A1E7A4F7556}") = "Common", "Analytics\Common\Common.csproj", "{9876639E-ADE3-429B-B852-B3D2DA205614}"
EndProject
Project("{9A19103F-16F7-4668-BE54-9A1E7A4F7556}") = "Services", "Analytics\Services\Services.csproj", "{EE9B7913-739D-47D2-9CF8-3429ECEC1D4B}"
EndProject
Project("{2150E333-8FDC-42A3-9474-1A3956D46DE8}") = "Providers", "Providers", "{45E67B15-7894-43C6-AC14-605026801058}"
EndProject
Project("{9A19103F-16F7-4668-BE54-9A1E7A4F7556}") = "FileSystem.Navigation", "Analytics\Providers\FileSystem.Navigation\FileSystem.Navigation.csproj", "{84AB71FF-8B44-414C-928B-A8BD86E77E38}"
EndProject
Project("{9A19103F-16F7-4668-BE54-9A1E7A4F7556}") = "Html", "Analytics\Providers\Html\Html.csproj", "{C9D7064B-41F1-4808-89C1-F1A0AFBEF8F3}"
EndProject
Project("{9A19103F-16F7-4668-BE54-9A1E7A4F7556}") = "Web.Navigation", "Analytics\Providers\Web.Navigation\Web.Navigation.csproj", "{B80DBA34-66BF-415B-A4A1-6BC8C6FF923E}"
EndProject
Project("{9A19103F-16F7-4668-BE54-9A1E7A4F7556}") = "Pdf", "Analytics\Providers\Pdf\Pdf.csproj", "{A8EA11CC-AB89-4225-97DE-6ACA52BB0CB6}"
EndProject
Project("{9A19103F-16F7-4668-BE54-9A1E7A4F7556}") = "Word", "Analytics\Providers\Word\Word.csproj", "{137F661E-D1EC-4E3E-9841-C11038A7BDDA}"
EndProject
Project("{9A19103F-16F7-4668-BE54-9A1E7A4F7556}") = "OneNote", "Analytics\Providers\OneNote\OneNote.csproj", "{D34D2E81-2FF5-4854-998D-A4818BB05B3D}"
EndProject
Project("{2150E333-8FDC-42A3-9474-1A3956D46DE8}") = "Modules", "Modules", "{B2FFBCDE-9F8F-44F1-BA72-F3C62AFEB052}"
	ProjectSection(SolutionItems) = preProject
		Data\Modules\kjv\kjv.bnm = Data\Modules\kjv\kjv.bnm
		Data\Modules\rst\rst.bnm = Data\Modules\rst\rst.bnm
	EndProjectSection
EndProject
Project("{9A19103F-16F7-4668-BE54-9A1E7A4F7556}") = "Console", "Console\Console.csproj", "{B8823322-947C-455D-BC6D-E81EE420FF09}"
EndProject
Project("{9A19103F-16F7-4668-BE54-9A1E7A4F7556}") = "Tests", "Tests\Tests.csproj", "{4B58F0E0-E3BB-49F7-A2AC-A9BF77EA4456}"
EndProject
Project("{9A19103F-16F7-4668-BE54-9A1E7A4F7556}") = "Domain", "Analytics\Data\Domain.csproj", "{C75A04CC-2356-4311-9D26-AA677A78E90A}"
EndProject
Project("{9A19103F-16F7-4668-BE54-9A1E7A4F7556}") = "Persistence", "Analytics\Persistence\Persistence.csproj", "{C1E43424-F3A5-480D-8285-A789F694ECC7}"
EndProject
Global
	GlobalSection(SolutionConfigurationPlatforms) = preSolution
		Debug|Any CPU = Debug|Any CPU
		Release|Any CPU = Release|Any CPU
	EndGlobalSection
	GlobalSection(ProjectConfigurationPlatforms) = postSolution
		{9876639E-ADE3-429B-B852-B3D2DA205614}.Debug|Any CPU.ActiveCfg = Debug|Any CPU
		{9876639E-ADE3-429B-B852-B3D2DA205614}.Debug|Any CPU.Build.0 = Debug|Any CPU
		{9876639E-ADE3-429B-B852-B3D2DA205614}.Release|Any CPU.ActiveCfg = Release|Any CPU
		{9876639E-ADE3-429B-B852-B3D2DA205614}.Release|Any CPU.Build.0 = Release|Any CPU
		{EE9B7913-739D-47D2-9CF8-3429ECEC1D4B}.Debug|Any CPU.ActiveCfg = Debug|Any CPU
		{EE9B7913-739D-47D2-9CF8-3429ECEC1D4B}.Debug|Any CPU.Build.0 = Debug|Any CPU
		{EE9B7913-739D-47D2-9CF8-3429ECEC1D4B}.Release|Any CPU.ActiveCfg = Release|Any CPU
		{EE9B7913-739D-47D2-9CF8-3429ECEC1D4B}.Release|Any CPU.Build.0 = Release|Any CPU
		{84AB71FF-8B44-414C-928B-A8BD86E77E38}.Debug|Any CPU.ActiveCfg = Debug|Any CPU
		{84AB71FF-8B44-414C-928B-A8BD86E77E38}.Debug|Any CPU.Build.0 = Debug|Any CPU
		{84AB71FF-8B44-414C-928B-A8BD86E77E38}.Release|Any CPU.ActiveCfg = Release|Any CPU
		{84AB71FF-8B44-414C-928B-A8BD86E77E38}.Release|Any CPU.Build.0 = Release|Any CPU
		{C9D7064B-41F1-4808-89C1-F1A0AFBEF8F3}.Debug|Any CPU.ActiveCfg = Debug|Any CPU
		{C9D7064B-41F1-4808-89C1-F1A0AFBEF8F3}.Debug|Any CPU.Build.0 = Debug|Any CPU
		{C9D7064B-41F1-4808-89C1-F1A0AFBEF8F3}.Release|Any CPU.ActiveCfg = Release|Any CPU
		{C9D7064B-41F1-4808-89C1-F1A0AFBEF8F3}.Release|Any CPU.Build.0 = Release|Any CPU
		{B80DBA34-66BF-415B-A4A1-6BC8C6FF923E}.Debug|Any CPU.ActiveCfg = Debug|Any CPU
		{B80DBA34-66BF-415B-A4A1-6BC8C6FF923E}.Debug|Any CPU.Build.0 = Debug|Any CPU
		{B80DBA34-66BF-415B-A4A1-6BC8C6FF923E}.Release|Any CPU.ActiveCfg = Release|Any CPU
		{B80DBA34-66BF-415B-A4A1-6BC8C6FF923E}.Release|Any CPU.Build.0 = Release|Any CPU
		{A8EA11CC-AB89-4225-97DE-6ACA52BB0CB6}.Debug|Any CPU.ActiveCfg = Debug|Any CPU
		{A8EA11CC-AB89-4225-97DE-6ACA52BB0CB6}.Debug|Any CPU.Build.0 = Debug|Any CPU
		{A8EA11CC-AB89-4225-97DE-6ACA52BB0CB6}.Release|Any CPU.ActiveCfg = Release|Any CPU
		{A8EA11CC-AB89-4225-97DE-6ACA52BB0CB6}.Release|Any CPU.Build.0 = Release|Any CPU
		{137F661E-D1EC-4E3E-9841-C11038A7BDDA}.Debug|Any CPU.ActiveCfg = Debug|Any CPU
		{137F661E-D1EC-4E3E-9841-C11038A7BDDA}.Debug|Any CPU.Build.0 = Debug|Any CPU
		{137F661E-D1EC-4E3E-9841-C11038A7BDDA}.Release|Any CPU.ActiveCfg = Release|Any CPU
		{137F661E-D1EC-4E3E-9841-C11038A7BDDA}.Release|Any CPU.Build.0 = Release|Any CPU
		{D34D2E81-2FF5-4854-998D-A4818BB05B3D}.Debug|Any CPU.ActiveCfg = Debug|Any CPU
		{D34D2E81-2FF5-4854-998D-A4818BB05B3D}.Debug|Any CPU.Build.0 = Debug|Any CPU
		{D34D2E81-2FF5-4854-998D-A4818BB05B3D}.Release|Any CPU.ActiveCfg = Release|Any CPU
		{D34D2E81-2FF5-4854-998D-A4818BB05B3D}.Release|Any CPU.Build.0 = Release|Any CPU
		{B8823322-947C-455D-BC6D-E81EE420FF09}.Debug|Any CPU.ActiveCfg = Debug|Any CPU
		{B8823322-947C-455D-BC6D-E81EE420FF09}.Debug|Any CPU.Build.0 = Debug|Any CPU
		{B8823322-947C-455D-BC6D-E81EE420FF09}.Release|Any CPU.ActiveCfg = Release|Any CPU
		{B8823322-947C-455D-BC6D-E81EE420FF09}.Release|Any CPU.Build.0 = Release|Any CPU
		{4B58F0E0-E3BB-49F7-A2AC-A9BF77EA4456}.Debug|Any CPU.ActiveCfg = Debug|Any CPU
		{4B58F0E0-E3BB-49F7-A2AC-A9BF77EA4456}.Debug|Any CPU.Build.0 = Debug|Any CPU
		{4B58F0E0-E3BB-49F7-A2AC-A9BF77EA4456}.Release|Any CPU.ActiveCfg = Release|Any CPU
		{4B58F0E0-E3BB-49F7-A2AC-A9BF77EA4456}.Release|Any CPU.Build.0 = Release|Any CPU
		{C75A04CC-2356-4311-9D26-AA677A78E90A}.Debug|Any CPU.ActiveCfg = Debug|Any CPU
		{C75A04CC-2356-4311-9D26-AA677A78E90A}.Debug|Any CPU.Build.0 = Debug|Any CPU
		{C75A04CC-2356-4311-9D26-AA677A78E90A}.Release|Any CPU.ActiveCfg = Release|Any CPU
		{C75A04CC-2356-4311-9D26-AA677A78E90A}.Release|Any CPU.Build.0 = Release|Any CPU
		{C1E43424-F3A5-480D-8285-A789F694ECC7}.Debug|Any CPU.ActiveCfg = Debug|Any CPU
		{C1E43424-F3A5-480D-8285-A789F694ECC7}.Debug|Any CPU.Build.0 = Debug|Any CPU
		{C1E43424-F3A5-480D-8285-A789F694ECC7}.Release|Any CPU.ActiveCfg = Release|Any CPU
		{C1E43424-F3A5-480D-8285-A789F694ECC7}.Release|Any CPU.Build.0 = Release|Any CPU
	EndGlobalSection
	GlobalSection(SolutionProperties) = preSolution
		HideSolutionNode = FALSE
	EndGlobalSection
	GlobalSection(NestedProjects) = preSolution
		{9876639E-ADE3-429B-B852-B3D2DA205614} = {03F0A965-F7AC-4C1B-9F47-21ABF684441D}
		{EE9B7913-739D-47D2-9CF8-3429ECEC1D4B} = {03F0A965-F7AC-4C1B-9F47-21ABF684441D}
		{45E67B15-7894-43C6-AC14-605026801058} = {03F0A965-F7AC-4C1B-9F47-21ABF684441D}
		{84AB71FF-8B44-414C-928B-A8BD86E77E38} = {45E67B15-7894-43C6-AC14-605026801058}
		{C9D7064B-41F1-4808-89C1-F1A0AFBEF8F3} = {45E67B15-7894-43C6-AC14-605026801058}
		{B80DBA34-66BF-415B-A4A1-6BC8C6FF923E} = {45E67B15-7894-43C6-AC14-605026801058}
		{A8EA11CC-AB89-4225-97DE-6ACA52BB0CB6} = {45E67B15-7894-43C6-AC14-605026801058}
		{137F661E-D1EC-4E3E-9841-C11038A7BDDA} = {45E67B15-7894-43C6-AC14-605026801058}
		{D34D2E81-2FF5-4854-998D-A4818BB05B3D} = {45E67B15-7894-43C6-AC14-605026801058}
		{C75A04CC-2356-4311-9D26-AA677A78E90A} = {03F0A965-F7AC-4C1B-9F47-21ABF684441D}
		{C1E43424-F3A5-480D-8285-A789F694ECC7} = {03F0A965-F7AC-4C1B-9F47-21ABF684441D}
	EndGlobalSection
	GlobalSection(ExtensibilityGlobals) = postSolution
		SolutionGuid = {B4A9B6DF-DE5C-4FE5-A006-545835C6A7CE}
	EndGlobalSection
EndGlobal
