
Microsoft Visual Studio Solution File, Format Version 12.00
# Visual Studio 15
VisualStudioVersion = 15.0.28307.757
MinimumVisualStudioVersion = 10.0.40219.1
Project("{2150E333-8FDC-42A3-9474-1A3956D46DE8}") = "Analytics", "Analytics", "{03F0A965-F7AC-4C1B-9F47-21ABF684441D}"
EndProject
Project("{9A19103F-16F7-4668-BE54-9A1E7A4F7556}") = "Common", "Analytics\Common\Common.csproj", "{9876639E-ADE3-429B-B852-B3D2DA205614}"
EndProject
Project("{9A19103F-16F7-4668-BE54-9A1E7A4F7556}") = "Services", "Analytics\Services\Services.csproj", "{EE9B7913-739D-47D2-9CF8-3429ECEC1D4B}"
EndProject
Project("{2150E333-8FDC-42A3-9474-1A3956D46DE8}") = "Providers", "Providers", "{45E67B15-7894-43C6-AC14-605026801058}"
EndProject
Global
	GlobalSection(SolutionConfigurationPlatforms) = preSolution
		Debug|Any CPU = Debug|Any CPU
		Release|Any CPU = Release|Any CPU
	EndGlobalSection
	GlobalSection(ProjectConfigurationPlatforms) = postSolution
		{9876639E-ADE3-429B-B852-B3D2DA205614}.Debug|Any CPU.ActiveCfg = Debug|Any CPU
		{9876639E-ADE3-429B-B852-B3D2DA205614}.Debug|Any CPU.Build.0 = Debug|Any CPU
		{9876639E-ADE3-429B-B852-B3D2DA205614}.Release|Any CPU.ActiveCfg = Release|Any CPU
		{9876639E-ADE3-429B-B852-B3D2DA205614}.Release|Any CPU.Build.0 = Release|Any CPU
		{EE9B7913-739D-47D2-9CF8-3429ECEC1D4B}.Debug|Any CPU.ActiveCfg = Debug|Any CPU
		{EE9B7913-739D-47D2-9CF8-3429ECEC1D4B}.Debug|Any CPU.Build.0 = Debug|Any CPU
		{EE9B7913-739D-47D2-9CF8-3429ECEC1D4B}.Release|Any CPU.ActiveCfg = Release|Any CPU
		{EE9B7913-739D-47D2-9CF8-3429ECEC1D4B}.Release|Any CPU.Build.0 = Release|Any CPU
	EndGlobalSection
	GlobalSection(SolutionProperties) = preSolution
		HideSolutionNode = FALSE
	EndGlobalSection
	GlobalSection(NestedProjects) = preSolution
		{9876639E-ADE3-429B-B852-B3D2DA205614} = {03F0A965-F7AC-4C1B-9F47-21ABF684441D}
		{EE9B7913-739D-47D2-9CF8-3429ECEC1D4B} = {03F0A965-F7AC-4C1B-9F47-21ABF684441D}
		{45E67B15-7894-43C6-AC14-605026801058} = {03F0A965-F7AC-4C1B-9F47-21ABF684441D}
	EndGlobalSection
	GlobalSection(ExtensibilityGlobals) = postSolution
		SolutionGuid = {B4A9B6DF-DE5C-4FE5-A006-545835C6A7CE}
	EndGlobalSection
EndGlobal
