
Microsoft Visual Studio Solution File, Format Version 12.00
# Visual Studio 2013
VisualStudioVersion = 12.0.31101.0
MinimumVisualStudioVersion = 10.0.40219.1
Project("{FAE04EC0-301F-11D3-BF4B-00C04F79EFBC}") = "Word.Web", "Word.Web\Word.Web.csproj", "{98BE77D3-E164-4F61-85DE-6FE162319163}"
EndProject
Project("{FAE04EC0-301F-11D3-BF4B-00C04F79EFBC}") = "Word.Model", "Word.Model\Word.Model.csproj", "{45177BF5-D34B-4CBF-9F05-08F73CCE7EE8}"
EndProject
Global
	GlobalSection(TeamFoundationVersionControl) = preSolution
		SccNumberOfProjects = 3
		SccEnterpriseProvider = {4CA58AB2-18FA-4F8D-95D4-32DDF27D184C}
		SccTeamFoundationServer = https://demko.visualstudio.com/defaultcollection
		SccLocalPath0 = .
		SccProjectUniqueName1 = Word.Model\\Word.Model.csproj
		SccProjectName1 = Word.Model
		SccLocalPath1 = Word.Model
		SccProjectUniqueName2 = Word.Web\\Word.Web.csproj
		SccProjectName2 = Word.Web
		SccLocalPath2 = Word.Web
	EndGlobalSection
	GlobalSection(SolutionConfigurationPlatforms) = preSolution
		Debug|Any CPU = Debug|Any CPU
		Release|Any CPU = Release|Any CPU
	EndGlobalSection
	GlobalSection(ProjectConfigurationPlatforms) = postSolution
		{98BE77D3-E164-4F61-85DE-6FE162319163}.Debug|Any CPU.ActiveCfg = Debug|Any CPU
		{98BE77D3-E164-4F61-85DE-6FE162319163}.Debug|Any CPU.Build.0 = Debug|Any CPU
		{98BE77D3-E164-4F61-85DE-6FE162319163}.Release|Any CPU.ActiveCfg = Release|Any CPU
		{98BE77D3-E164-4F61-85DE-6FE162319163}.Release|Any CPU.Build.0 = Release|Any CPU
		{45177BF5-D34B-4CBF-9F05-08F73CCE7EE8}.Debug|Any CPU.ActiveCfg = Debug|Any CPU
		{45177BF5-D34B-4CBF-9F05-08F73CCE7EE8}.Debug|Any CPU.Build.0 = Debug|Any CPU
		{45177BF5-D34B-4CBF-9F05-08F73CCE7EE8}.Release|Any CPU.ActiveCfg = Release|Any CPU
		{45177BF5-D34B-4CBF-9F05-08F73CCE7EE8}.Release|Any CPU.Build.0 = Release|Any CPU
	EndGlobalSection
	GlobalSection(SolutionProperties) = preSolution
		HideSolutionNode = FALSE
	EndGlobalSection
EndGlobal
